{
  "name": "chronos-app",
  "version": "1.0.0",
  "lockfileVersion": 3,
  "requires": true,
  "packages": {
    "": {
      "name": "chronos-app",
      "version": "1.0.0",
      "license": "ISC",
      "devDependencies": {
        "turbo": "^2.7.0"
      }
    },
    "node_modules/turbo": {
      "version": "2.7.0",
      "resolved": "https://registry.npmjs.org/turbo/-/turbo-2.7.0.tgz",
      "integrity": "sha512-1dUGwi6cSSVZts1BwJa/Gh7w5dPNNGsNWZEAuRKxXWME44hTKWpQZrgiPnqMc5jJJOovzPK5N6tL+PHYRYL5Wg==",
      "dev": true,
      "license": "MIT",
      "bin": {
        "turbo": "bin/turbo"
      },
      "optionalDependencies": {
        "turbo-darwin-64": "2.7.0",
        "turbo-darwin-arm64": "2.7.0",
        "turbo-linux-64": "2.7.0",
        "turbo-linux-arm64": "2.7.0",
        "turbo-windows-64": "2.7.0",
        "turbo-windows-arm64": "2.7.0"
      }
    },
    "node_modules/turbo-darwin-64": {
      "version": "2.7.0",
      "resolved": "https://registry.npmjs.org/turbo-darwin-64/-/turbo-darwin-64-2.7.0.tgz",
      "integrity": "sha512-gwqL7cJOSYrV/jNmhXM8a2uzSFn7GcUASOuen6OgmUsafUj9SSWcgXZ/q0w9hRoL917hpidkdI//UpbxbZbwwg==",
      "cpu": [
        "x64"
      ],
      "dev": true,
      "license": "MIT",
      "optional": true,
      "os": [
        "darwin"
      ]
    },
    "node_modules/turbo-darwin-arm64": {
      "version": "2.7.0",
      "resolved": "https://registry.npmjs.org/turbo-darwin-arm64/-/turbo-darwin-arm64-2.7.0.tgz",
      "integrity": "sha512-f3F5DYOnfE6lR6v/rSld7QGZgartKsnlIYY7jcF/AA7Wz27za9XjxMHzb+3i4pvRhAkryFgf2TNq7eCFrzyTpg==",
      "cpu": [
        "arm64"
      ],
      "dev": true,
      "license": "MIT",
      "optional": true,
      "os": [
        "darwin"
      ]
    },
    "node_modules/turbo-linux-64": {
      "version": "2.7.0",
      "resolved": "https://registry.npmjs.org/turbo-linux-64/-/turbo-linux-64-2.7.0.tgz",
      "integrity": "sha512-KsC+UuKlhjCL+lom10/IYoxUsdhJOsuEki72YSr7WGYUSRihcdJQnaUyIDTlm0nPOb+gVihVNBuVP4KsNg1UnA==",
      "cpu": [
        "x64"
      ],
      "dev": true,
      "license": "MIT",
      "optional": true,
      "os": [
        "linux"
      ]
    },
    "node_modules/turbo-linux-arm64": {
      "version": "2.7.0",
      "resolved": "https://registry.npmjs.org/turbo-linux-arm64/-/turbo-linux-arm64-2.7.0.tgz",
      "integrity": "sha512-1tjIYULeJtpmE/ovoI9qPBFJCtUEM7mYfeIMOIs4bXR6t/8u+rHPwr3j+vRHcXanIc42V1n3Pz52VqmJtIAviw==",
      "cpu": [
        "arm64"
      ],
      "dev": true,
      "license": "MIT",
      "optional": true,
      "os": [
        "linux"
      ]
    },
    "node_modules/turbo-windows-64": {
      "version": "2.7.0",
      "resolved": "https://registry.npmjs.org/turbo-windows-64/-/turbo-windows-64-2.7.0.tgz",
      "integrity": "sha512-KThkAeax46XiH+qICCQm7R8V2pPdeTTP7ArCSRrSLqnlO75ftNm8Ljx4VAllwIZkILrq/GDM8PlyhZdPeUdDxQ==",
      "cpu": [
        "x64"
      ],
      "dev": true,
      "license": "MIT",
      "optional": true,
      "os": [
        "win32"
      ]
    },
    "node_modules/turbo-windows-arm64": {
      "version": "2.7.0",
      "resolved": "https://registry.npmjs.org/turbo-windows-arm64/-/turbo-windows-arm64-2.7.0.tgz",
      "integrity": "sha512-kzI6rsQ3Ejs+CkM9HEEP3Z4h5YMCRxwIlQXFQmgXSG3BIgorCkRF2Xr7iQ2i9AGwY/6jbiAYeJbvi3yCp+noFw==",
      "cpu": [
        "arm64"
      ],
      "dev": true,
      "license": "MIT",
      "optional": true,
      "os": [
        "win32"
      ]
    }
  }
}
